// !$*UTF8*$!
{
	archiveVersion = 1;
	classes = {
	};
	objectVersion = 50;
	objects = {

/* Begin PBXBuildFile section */
		3D9A7EB5237A0D7000EF2F58 /* AppDelegate.swift in Sources */ = {isa = PBXBuildFile; fileRef = 3D9A7EB4237A0D7000EF2F58 /* AppDelegate.swift */; };
		3D9A7EB7237A0D7000EF2F58 /* ViewController.swift in Sources */ = {isa = PBXBuildFile; fileRef = 3D9A7EB6237A0D7000EF2F58 /* ViewController.swift */; };
		3D9A7EBA237A0D7000EF2F58 /* Main.storyboard in Resources */ = {isa = PBXBuildFile; fileRef = 3D9A7EB8237A0D7000EF2F58 /* Main.storyboard */; };
		3D9A7EBC237A0D7100EF2F58 /* Assets.xcassets in Resources */ = {isa = PBXBuildFile; fileRef = 3D9A7EBB237A0D7100EF2F58 /* Assets.xcassets */; };
		3D9A7EBF237A0D7100EF2F58 /* LaunchScreen.storyboard in Resources */ = {isa = PBXBuildFile; fileRef = 3D9A7EBD237A0D7100EF2F58 /* LaunchScreen.storyboard */; };
		3D9A7ECA237A0D7100EF2F58 /* PetlandiaTests.swift in Sources */ = {isa = PBXBuildFile; fileRef = 3D9A7EC9237A0D7100EF2F58 /* PetlandiaTests.swift */; };
		3D9A7ED5237A0D7100EF2F58 /* PetlandiaUITests.swift in Sources */ = {isa = PBXBuildFile; fileRef = 3D9A7ED4237A0D7100EF2F58 /* PetlandiaUITests.swift */; };
		3DF9836C237B5239001C3E0F /* AlamofireImage.framework in Frameworks */ = {isa = PBXBuildFile; fileRef = 3DF9835D237B520B001C3E0F /* AlamofireImage.framework */; };
		3DF9836D237B5239001C3E0F /* AlamofireImage.framework in Embed Frameworks */ = {isa = PBXBuildFile; fileRef = 3DF9835D237B520B001C3E0F /* AlamofireImage.framework */; settings = {ATTRIBUTES = (CodeSignOnCopy, RemoveHeadersOnCopy, ); }; };
		3DF98370237B523D001C3E0F /* Alamofire.framework in Frameworks */ = {isa = PBXBuildFile; fileRef = 3DF98343237B5201001C3E0F /* Alamofire.framework */; };
		3DF98371237B523D001C3E0F /* Alamofire.framework in Embed Frameworks */ = {isa = PBXBuildFile; fileRef = 3DF98343237B5201001C3E0F /* Alamofire.framework */; settings = {ATTRIBUTES = (CodeSignOnCopy, RemoveHeadersOnCopy, ); }; };
		3DF9837C237B560F001C3E0F /* Veterinaria.swift in Sources */ = {isa = PBXBuildFile; fileRef = 3DF9837B237B560F001C3E0F /* Veterinaria.swift */; };
		3DF9837E237B5659001C3E0F /* CeldaVeterinariaController.swift in Sources */ = {isa = PBXBuildFile; fileRef = 3DF9837D237B5659001C3E0F /* CeldaVeterinariaController.swift */; };
		3DF98380237B58BE001C3E0F /* VeterinariaController.swift in Sources */ = {isa = PBXBuildFile; fileRef = 3DF9837F237B58BE001C3E0F /* VeterinariaController.swift */; };
/* End PBXBuildFile section */

/* Begin PBXContainerItemProxy section */
		3D9A7EC6237A0D7100EF2F58 /* PBXContainerItemProxy */ = {
			isa = PBXContainerItemProxy;
			containerPortal = 3D9A7EA9237A0D7000EF2F58 /* Project object */;
			proxyType = 1;
			remoteGlobalIDString = 3D9A7EB0237A0D7000EF2F58;
			remoteInfo = Petlandia;
		};
		3D9A7ED1237A0D7100EF2F58 /* PBXContainerItemProxy */ = {
			isa = PBXContainerItemProxy;
			containerPortal = 3D9A7EA9237A0D7000EF2F58 /* Project object */;
			proxyType = 1;
			remoteGlobalIDString = 3D9A7EB0237A0D7000EF2F58;
			remoteInfo = Petlandia;
		};
		3DF98342237B5201001C3E0F /* PBXContainerItemProxy */ = {
			isa = PBXContainerItemProxy;
			containerPortal = 3DF98338237B5201001C3E0F /* Alamofire.xcodeproj */;
			proxyType = 2;
			remoteGlobalIDString = F8111E3319A95C8B0040E7D1;
			remoteInfo = "Alamofire iOS";
		};
		3DF98344237B5201001C3E0F /* PBXContainerItemProxy */ = {
			isa = PBXContainerItemProxy;
			containerPortal = 3DF98338237B5201001C3E0F /* Alamofire.xcodeproj */;
			proxyType = 2;
			remoteGlobalIDString = F8111E3E19A95C8B0040E7D1;
			remoteInfo = "Alamofire iOS Tests";
		};
		3DF98346237B5201001C3E0F /* PBXContainerItemProxy */ = {
			isa = PBXContainerItemProxy;
			containerPortal = 3DF98338237B5201001C3E0F /* Alamofire.xcodeproj */;
			proxyType = 2;
			remoteGlobalIDString = 4DD67C0B1A5C55C900ED2280;
			remoteInfo = "Alamofire macOS";
		};
		3DF98348237B5201001C3E0F /* PBXContainerItemProxy */ = {
			isa = PBXContainerItemProxy;
			containerPortal = 3DF98338237B5201001C3E0F /* Alamofire.xcodeproj */;
			proxyType = 2;
			remoteGlobalIDString = F829C6B21A7A94F100A2CD59;
			remoteInfo = "Alamofire macOS Tests";
		};
		3DF9834A237B5201001C3E0F /* PBXContainerItemProxy */ = {
			isa = PBXContainerItemProxy;
			containerPortal = 3DF98338237B5201001C3E0F /* Alamofire.xcodeproj */;
			proxyType = 2;
			remoteGlobalIDString = 4CF626EF1BA7CB3E0011A099;
			remoteInfo = "Alamofire tvOS";
		};
		3DF9834C237B5201001C3E0F /* PBXContainerItemProxy */ = {
			isa = PBXContainerItemProxy;
			containerPortal = 3DF98338237B5201001C3E0F /* Alamofire.xcodeproj */;
			proxyType = 2;
			remoteGlobalIDString = 4CF626F81BA7CB3E0011A099;
			remoteInfo = "Alamofire tvOS Tests";
		};
		3DF9834E237B5201001C3E0F /* PBXContainerItemProxy */ = {
			isa = PBXContainerItemProxy;
			containerPortal = 3DF98338237B5201001C3E0F /* Alamofire.xcodeproj */;
			proxyType = 2;
			remoteGlobalIDString = E4202FE01B667AA100C997FB;
			remoteInfo = "Alamofire watchOS";
		};
		3DF9835C237B520B001C3E0F /* PBXContainerItemProxy */ = {
			isa = PBXContainerItemProxy;
			containerPortal = 3DF98350237B520B001C3E0F /* AlamofireImage.xcodeproj */;
			proxyType = 2;
			remoteGlobalIDString = 4C9043771AABBFC5001B4E60;
			remoteInfo = "AlamofireImage iOS";
		};
		3DF9835E237B520B001C3E0F /* PBXContainerItemProxy */ = {
			isa = PBXContainerItemProxy;
			containerPortal = 3DF98350237B520B001C3E0F /* AlamofireImage.xcodeproj */;
			proxyType = 2;
			remoteGlobalIDString = 4C9043821AABBFC5001B4E60;
			remoteInfo = "AlamofireImage iOS Tests";
		};
		3DF98360237B520B001C3E0F /* PBXContainerItemProxy */ = {
			isa = PBXContainerItemProxy;
			containerPortal = 3DF98350237B520B001C3E0F /* AlamofireImage.xcodeproj */;
			proxyType = 2;
			remoteGlobalIDString = 4CE611321AABC24E00D35044;
			remoteInfo = "AlamofireImage macOS";
		};
		3DF98362237B520B001C3E0F /* PBXContainerItemProxy */ = {
			isa = PBXContainerItemProxy;
			containerPortal = 3DF98350237B520B001C3E0F /* AlamofireImage.xcodeproj */;
			proxyType = 2;
			remoteGlobalIDString = 4CE611471AABC5C900D35044;
			remoteInfo = "AlamofireImage macOS Tests";
		};
		3DF98364237B520B001C3E0F /* PBXContainerItemProxy */ = {
			isa = PBXContainerItemProxy;
			containerPortal = 3DF98350237B520B001C3E0F /* AlamofireImage.xcodeproj */;
			proxyType = 2;
			remoteGlobalIDString = 4C16B37D1BA9399500A66EF0;
			remoteInfo = "AlamofireImage tvOS";
		};
		3DF98366237B520B001C3E0F /* PBXContainerItemProxy */ = {
			isa = PBXContainerItemProxy;
			containerPortal = 3DF98350237B520B001C3E0F /* AlamofireImage.xcodeproj */;
			proxyType = 2;
			remoteGlobalIDString = 4C16B3861BA9399500A66EF0;
			remoteInfo = "AlamofireImage tvOS Tests";
		};
		3DF98368237B520B001C3E0F /* PBXContainerItemProxy */ = {
			isa = PBXContainerItemProxy;
			containerPortal = 3DF98350237B520B001C3E0F /* AlamofireImage.xcodeproj */;
			proxyType = 2;
			remoteGlobalIDString = 4C4D4EC11B92976900C96855;
			remoteInfo = "AlamofireImage watchOS";
		};
		3DF9836A237B520B001C3E0F /* PBXContainerItemProxy */ = {
			isa = PBXContainerItemProxy;
			containerPortal = 3DF98350237B520B001C3E0F /* AlamofireImage.xcodeproj */;
			proxyType = 2;
			remoteGlobalIDString = 4C11830B2150517E007A8298;
			remoteInfo = "iOS Example";
		};
		3DF9836E237B5239001C3E0F /* PBXContainerItemProxy */ = {
			isa = PBXContainerItemProxy;
			containerPortal = 3DF98350237B520B001C3E0F /* AlamofireImage.xcodeproj */;
			proxyType = 1;
			remoteGlobalIDString = 4C9043761AABBFC5001B4E60;
			remoteInfo = "AlamofireImage iOS";
		};
		3DF98372237B523D001C3E0F /* PBXContainerItemProxy */ = {
			isa = PBXContainerItemProxy;
			containerPortal = 3DF98338237B5201001C3E0F /* Alamofire.xcodeproj */;
			proxyType = 1;
			remoteGlobalIDString = F8111E3219A95C8B0040E7D1;
			remoteInfo = "Alamofire iOS";
		};
/* End PBXContainerItemProxy section */

/* Begin PBXCopyFilesBuildPhase section */
		3D9A7F32237A11E900EF2F58 /* Embed Frameworks */ = {
			isa = PBXCopyFilesBuildPhase;
			buildActionMask = 2147483647;
			dstPath = "";
			dstSubfolderSpec = 10;
			files = (
				3DF9836D237B5239001C3E0F /* AlamofireImage.framework in Embed Frameworks */,
				3DF98371237B523D001C3E0F /* Alamofire.framework in Embed Frameworks */,
			);
			name = "Embed Frameworks";
			runOnlyForDeploymentPostprocessing = 0;
		};
/* End PBXCopyFilesBuildPhase section */

/* Begin PBXFileReference section */
		3D9A7EB1237A0D7000EF2F58 /* Petlandia.app */ = {isa = PBXFileReference; explicitFileType = wrapper.application; includeInIndex = 0; path = Petlandia.app; sourceTree = BUILT_PRODUCTS_DIR; };
		3D9A7EB4237A0D7000EF2F58 /* AppDelegate.swift */ = {isa = PBXFileReference; lastKnownFileType = sourcecode.swift; path = AppDelegate.swift; sourceTree = "<group>"; };
		3D9A7EB6237A0D7000EF2F58 /* ViewController.swift */ = {isa = PBXFileReference; lastKnownFileType = sourcecode.swift; path = ViewController.swift; sourceTree = "<group>"; };
		3D9A7EB9237A0D7000EF2F58 /* Base */ = {isa = PBXFileReference; lastKnownFileType = file.storyboard; name = Base; path = Base.lproj/Main.storyboard; sourceTree = "<group>"; };
		3D9A7EBB237A0D7100EF2F58 /* Assets.xcassets */ = {isa = PBXFileReference; lastKnownFileType = folder.assetcatalog; path = Assets.xcassets; sourceTree = "<group>"; };
		3D9A7EBE237A0D7100EF2F58 /* Base */ = {isa = PBXFileReference; lastKnownFileType = file.storyboard; name = Base; path = Base.lproj/LaunchScreen.storyboard; sourceTree = "<group>"; };
		3D9A7EC0237A0D7100EF2F58 /* Info.plist */ = {isa = PBXFileReference; lastKnownFileType = text.plist.xml; path = Info.plist; sourceTree = "<group>"; };
		3D9A7EC5237A0D7100EF2F58 /* PetlandiaTests.xctest */ = {isa = PBXFileReference; explicitFileType = wrapper.cfbundle; includeInIndex = 0; path = PetlandiaTests.xctest; sourceTree = BUILT_PRODUCTS_DIR; };
		3D9A7EC9237A0D7100EF2F58 /* PetlandiaTests.swift */ = {isa = PBXFileReference; lastKnownFileType = sourcecode.swift; path = PetlandiaTests.swift; sourceTree = "<group>"; };
		3D9A7ECB237A0D7100EF2F58 /* Info.plist */ = {isa = PBXFileReference; lastKnownFileType = text.plist.xml; path = Info.plist; sourceTree = "<group>"; };
		3D9A7ED0237A0D7100EF2F58 /* PetlandiaUITests.xctest */ = {isa = PBXFileReference; explicitFileType = wrapper.cfbundle; includeInIndex = 0; path = PetlandiaUITests.xctest; sourceTree = BUILT_PRODUCTS_DIR; };
		3D9A7ED4237A0D7100EF2F58 /* PetlandiaUITests.swift */ = {isa = PBXFileReference; lastKnownFileType = sourcecode.swift; path = PetlandiaUITests.swift; sourceTree = "<group>"; };
		3D9A7ED6237A0D7100EF2F58 /* Info.plist */ = {isa = PBXFileReference; lastKnownFileType = text.plist.xml; path = Info.plist; sourceTree = "<group>"; };
		3DF98338237B5201001C3E0F /* Alamofire.xcodeproj */ = {isa = PBXFileReference; lastKnownFileType = "wrapper.pb-project"; name = Alamofire.xcodeproj; path = "../Alamofire-master/Alamofire.xcodeproj"; sourceTree = "<group>"; };
		3DF98350237B520B001C3E0F /* AlamofireImage.xcodeproj */ = {isa = PBXFileReference; lastKnownFileType = "wrapper.pb-project"; name = AlamofireImage.xcodeproj; path = "../AlamofireImage-master/AlamofireImage.xcodeproj"; sourceTree = "<group>"; };
		3DF9837B237B560F001C3E0F /* Veterinaria.swift */ = {isa = PBXFileReference; lastKnownFileType = sourcecode.swift; path = Veterinaria.swift; sourceTree = "<group>"; };
		3DF9837D237B5659001C3E0F /* CeldaVeterinariaController.swift */ = {isa = PBXFileReference; lastKnownFileType = sourcecode.swift; path = CeldaVeterinariaController.swift; sourceTree = "<group>"; };
		3DF9837F237B58BE001C3E0F /* VeterinariaController.swift */ = {isa = PBXFileReference; lastKnownFileType = sourcecode.swift; path = VeterinariaController.swift; sourceTree = "<group>"; };
/* End PBXFileReference section */

/* Begin PBXFrameworksBuildPhase section */
		3D9A7EAE237A0D7000EF2F58 /* Frameworks */ = {
			isa = PBXFrameworksBuildPhase;
			buildActionMask = 2147483647;
			files = (
				3DF9836C237B5239001C3E0F /* AlamofireImage.framework in Frameworks */,
				3DF98370237B523D001C3E0F /* Alamofire.framework in Frameworks */,
			);
			runOnlyForDeploymentPostprocessing = 0;
		};
		3D9A7EC2237A0D7100EF2F58 /* Frameworks */ = {
			isa = PBXFrameworksBuildPhase;
			buildActionMask = 2147483647;
			files = (
			);
			runOnlyForDeploymentPostprocessing = 0;
		};
		3D9A7ECD237A0D7100EF2F58 /* Frameworks */ = {
			isa = PBXFrameworksBuildPhase;
			buildActionMask = 2147483647;
			files = (
			);
			runOnlyForDeploymentPostprocessing = 0;
		};
/* End PBXFrameworksBuildPhase section */

/* Begin PBXGroup section */
		3D9A7EA8237A0D7000EF2F58 = {
			isa = PBXGroup;
			children = (
				3DF98350237B520B001C3E0F /* AlamofireImage.xcodeproj */,
				3DF98338237B5201001C3E0F /* Alamofire.xcodeproj */,
				3D9A7EB3237A0D7000EF2F58 /* Petlandia */,
				3D9A7EC8237A0D7100EF2F58 /* PetlandiaTests */,
				3D9A7ED3237A0D7100EF2F58 /* PetlandiaUITests */,
				3D9A7EB2237A0D7000EF2F58 /* Products */,
			);
			sourceTree = "<group>";
		};
		3D9A7EB2237A0D7000EF2F58 /* Products */ = {
			isa = PBXGroup;
			children = (
				3D9A7EB1237A0D7000EF2F58 /* Petlandia.app */,
				3D9A7EC5237A0D7100EF2F58 /* PetlandiaTests.xctest */,
				3D9A7ED0237A0D7100EF2F58 /* PetlandiaUITests.xctest */,
			);
			name = Products;
			sourceTree = "<group>";
		};
		3D9A7EB3237A0D7000EF2F58 /* Petlandia */ = {
			isa = PBXGroup;
			children = (
				3DF9837A237B55A5001C3E0F /* Storyboards */,
				3DF98377237B5556001C3E0F /* Resources */,
				3DF98376237B5551001C3E0F /* Models */,
				3DF98375237B554C001C3E0F /* App */,
				3DF98374237B552E001C3E0F /* View Controllers */,
			);
			path = Petlandia;
			sourceTree = "<group>";
		};
		3D9A7EC8237A0D7100EF2F58 /* PetlandiaTests */ = {
			isa = PBXGroup;
			children = (
				3D9A7EC9237A0D7100EF2F58 /* PetlandiaTests.swift */,
				3D9A7ECB237A0D7100EF2F58 /* Info.plist */,
			);
			path = PetlandiaTests;
			sourceTree = "<group>";
		};
		3D9A7ED3237A0D7100EF2F58 /* PetlandiaUITests */ = {
			isa = PBXGroup;
			children = (
				3D9A7ED4237A0D7100EF2F58 /* PetlandiaUITests.swift */,
				3D9A7ED6237A0D7100EF2F58 /* Info.plist */,
			);
			path = PetlandiaUITests;
			sourceTree = "<group>";
		};
		3DF98339237B5201001C3E0F /* Products */ = {
			isa = PBXGroup;
			children = (
				3DF98343237B5201001C3E0F /* Alamofire.framework */,
				3DF98345237B5201001C3E0F /* Alamofire iOS Tests.xctest */,
				3DF98347237B5201001C3E0F /* Alamofire.framework */,
				3DF98349237B5201001C3E0F /* Alamofire macOS Tests.xctest */,
				3DF9834B237B5201001C3E0F /* Alamofire.framework */,
				3DF9834D237B5201001C3E0F /* Alamofire tvOS Tests.xctest */,
				3DF9834F237B5201001C3E0F /* Alamofire.framework */,
			);
			name = Products;
			sourceTree = "<group>";
		};
		3DF98351237B520B001C3E0F /* Products */ = {
			isa = PBXGroup;
			children = (
				3DF9835D237B520B001C3E0F /* AlamofireImage.framework */,
				3DF9835F237B520B001C3E0F /* AlamofireImage iOS Tests.xctest */,
				3DF98361237B520B001C3E0F /* AlamofireImage.framework */,
				3DF98363237B520B001C3E0F /* AlamofireImage macOS Tests.xctest */,
				3DF98365237B520B001C3E0F /* AlamofireImage.framework */,
				3DF98367237B520B001C3E0F /* AlamofireImage tvOS Tests.xctest */,
				3DF98369237B520B001C3E0F /* AlamofireImage.framework */,
				3DF9836B237B520B001C3E0F /* iOS Example.app */,
			);
			name = Products;
			sourceTree = "<group>";
		};
		3DF98374237B552E001C3E0F /* View Controllers */ = {
			isa = PBXGroup;
			children = (
				3D9A7EB6237A0D7000EF2F58 /* ViewController.swift */,
				3DF9837D237B5659001C3E0F /* CeldaVeterinariaController.swift */,
				3DF9837F237B58BE001C3E0F /* VeterinariaController.swift */,
			);
			name = "View Controllers";
			sourceTree = "<group>";
		};
		3DF98375237B554C001C3E0F /* App */ = {
			isa = PBXGroup;
			children = (
				3D9A7EC0237A0D7100EF2F58 /* Info.plist */,
				3D9A7EB4237A0D7000EF2F58 /* AppDelegate.swift */,
			);
			name = App;
			sourceTree = "<group>";
		};
		3DF98376237B5551001C3E0F /* Models */ = {
			isa = PBXGroup;
			children = (
				3DF9837B237B560F001C3E0F /* Veterinaria.swift */,
			);
			name = Models;
			sourceTree = "<group>";
		};
		3DF98377237B5556001C3E0F /* Resources */ = {
			isa = PBXGroup;
			children = (
				3D9A7EBB237A0D7100EF2F58 /* Assets.xcassets */,
			);
			name = Resources;
			sourceTree = "<group>";
		};
		3DF9837A237B55A5001C3E0F /* Storyboards */ = {
			isa = PBXGroup;
			children = (
				3D9A7EB8237A0D7000EF2F58 /* Main.storyboard */,
				3D9A7EBD237A0D7100EF2F58 /* LaunchScreen.storyboard */,
			);
			name = Storyboards;
			sourceTree = "<group>";
		};
/* End PBXGroup section */

/* Begin PBXNativeTarget section */
		3D9A7EB0237A0D7000EF2F58 /* Petlandia */ = {
			isa = PBXNativeTarget;
			buildConfigurationList = 3D9A7ED9237A0D7100EF2F58 /* Build configuration list for PBXNativeTarget "Petlandia" */;
			buildPhases = (
				3D9A7EAD237A0D7000EF2F58 /* Sources */,
				3D9A7EAE237A0D7000EF2F58 /* Frameworks */,
				3D9A7EAF237A0D7000EF2F58 /* Resources */,
				3D9A7F32237A11E900EF2F58 /* Embed Frameworks */,
			);
			buildRules = (
			);
			dependencies = (
				3DF9836F237B5239001C3E0F /* PBXTargetDependency */,
				3DF98373237B523D001C3E0F /* PBXTargetDependency */,
			);
			name = Petlandia;
			productName = Petlandia;
			productReference = 3D9A7EB1237A0D7000EF2F58 /* Petlandia.app */;
			productType = "com.apple.product-type.application";
		};
		3D9A7EC4237A0D7100EF2F58 /* PetlandiaTests */ = {
			isa = PBXNativeTarget;
			buildConfigurationList = 3D9A7EDC237A0D7100EF2F58 /* Build configuration list for PBXNativeTarget "PetlandiaTests" */;
			buildPhases = (
				3D9A7EC1237A0D7100EF2F58 /* Sources */,
				3D9A7EC2237A0D7100EF2F58 /* Frameworks */,
				3D9A7EC3237A0D7100EF2F58 /* Resources */,
			);
			buildRules = (
			);
			dependencies = (
				3D9A7EC7237A0D7100EF2F58 /* PBXTargetDependency */,
			);
			name = PetlandiaTests;
			productName = PetlandiaTests;
			productReference = 3D9A7EC5237A0D7100EF2F58 /* PetlandiaTests.xctest */;
			productType = "com.apple.product-type.bundle.unit-test";
		};
		3D9A7ECF237A0D7100EF2F58 /* PetlandiaUITests */ = {
			isa = PBXNativeTarget;
			buildConfigurationList = 3D9A7EDF237A0D7100EF2F58 /* Build configuration list for PBXNativeTarget "PetlandiaUITests" */;
			buildPhases = (
				3D9A7ECC237A0D7100EF2F58 /* Sources */,
				3D9A7ECD237A0D7100EF2F58 /* Frameworks */,
				3D9A7ECE237A0D7100EF2F58 /* Resources */,
			);
			buildRules = (
			);
			dependencies = (
				3D9A7ED2237A0D7100EF2F58 /* PBXTargetDependency */,
			);
			name = PetlandiaUITests;
			productName = PetlandiaUITests;
			productReference = 3D9A7ED0237A0D7100EF2F58 /* PetlandiaUITests.xctest */;
			productType = "com.apple.product-type.bundle.ui-testing";
		};
/* End PBXNativeTarget section */

/* Begin PBXProject section */
		3D9A7EA9237A0D7000EF2F58 /* Project object */ = {
			isa = PBXProject;
			attributes = {
				LastSwiftUpdateCheck = 1030;
				LastUpgradeCheck = 1030;
				ORGANIZATIONNAME = Alumno;
				TargetAttributes = {
					3D9A7EB0237A0D7000EF2F58 = {
						CreatedOnToolsVersion = 10.3;
					};
					3D9A7EC4237A0D7100EF2F58 = {
						CreatedOnToolsVersion = 10.3;
						TestTargetID = 3D9A7EB0237A0D7000EF2F58;
					};
					3D9A7ECF237A0D7100EF2F58 = {
						CreatedOnToolsVersion = 10.3;
						TestTargetID = 3D9A7EB0237A0D7000EF2F58;
					};
				};
			};
			buildConfigurationList = 3D9A7EAC237A0D7000EF2F58 /* Build configuration list for PBXProject "Petlandia" */;
			compatibilityVersion = "Xcode 9.3";
			developmentRegion = en;
			hasScannedForEncodings = 0;
			knownRegions = (
				en,
				Base,
			);
			mainGroup = 3D9A7EA8237A0D7000EF2F58;
			productRefGroup = 3D9A7EB2237A0D7000EF2F58 /* Products */;
			projectDirPath = "";
			projectReferences = (
				{
					ProductGroup = 3DF98339237B5201001C3E0F /* Products */;
					ProjectRef = 3DF98338237B5201001C3E0F /* Alamofire.xcodeproj */;
				},
				{
					ProductGroup = 3DF98351237B520B001C3E0F /* Products */;
					ProjectRef = 3DF98350237B520B001C3E0F /* AlamofireImage.xcodeproj */;
				},
			);
			projectRoot = "";
			targets = (
				3D9A7EB0237A0D7000EF2F58 /* Petlandia */,
				3D9A7EC4237A0D7100EF2F58 /* PetlandiaTests */,
				3D9A7ECF237A0D7100EF2F58 /* PetlandiaUITests */,
			);
		};
/* End PBXProject section */

/* Begin PBXReferenceProxy section */
		3DF98343237B5201001C3E0F /* Alamofire.framework */ = {
			isa = PBXReferenceProxy;
			fileType = wrapper.framework;
			path = Alamofire.framework;
			remoteRef = 3DF98342237B5201001C3E0F /* PBXContainerItemProxy */;
			sourceTree = BUILT_PRODUCTS_DIR;
		};
		3DF98345237B5201001C3E0F /* Alamofire iOS Tests.xctest */ = {
			isa = PBXReferenceProxy;
			fileType = wrapper.cfbundle;
			path = "Alamofire iOS Tests.xctest";
			remoteRef = 3DF98344237B5201001C3E0F /* PBXContainerItemProxy */;
			sourceTree = BUILT_PRODUCTS_DIR;
		};
		3DF98347237B5201001C3E0F /* Alamofire.framework */ = {
			isa = PBXReferenceProxy;
			fileType = wrapper.framework;
			path = Alamofire.framework;
			remoteRef = 3DF98346237B5201001C3E0F /* PBXContainerItemProxy */;
			sourceTree = BUILT_PRODUCTS_DIR;
		};
		3DF98349237B5201001C3E0F /* Alamofire macOS Tests.xctest */ = {
			isa = PBXReferenceProxy;
			fileType = wrapper.cfbundle;
			path = "Alamofire macOS Tests.xctest";
			remoteRef = 3DF98348237B5201001C3E0F /* PBXContainerItemProxy */;
			sourceTree = BUILT_PRODUCTS_DIR;
		};
		3DF9834B237B5201001C3E0F /* Alamofire.framework */ = {
			isa = PBXReferenceProxy;
			fileType = wrapper.framework;
			path = Alamofire.framework;
			remoteRef = 3DF9834A237B5201001C3E0F /* PBXContainerItemProxy */;
			sourceTree = BUILT_PRODUCTS_DIR;
		};
		3DF9834D237B5201001C3E0F /* Alamofire tvOS Tests.xctest */ = {
			isa = PBXReferenceProxy;
			fileType = wrapper.cfbundle;
			path = "Alamofire tvOS Tests.xctest";
			remoteRef = 3DF9834C237B5201001C3E0F /* PBXContainerItemProxy */;
			sourceTree = BUILT_PRODUCTS_DIR;
		};
		3DF9834F237B5201001C3E0F /* Alamofire.framework */ = {
			isa = PBXReferenceProxy;
			fileType = wrapper.framework;
			path = Alamofire.framework;
			remoteRef = 3DF9834E237B5201001C3E0F /* PBXContainerItemProxy */;
			sourceTree = BUILT_PRODUCTS_DIR;
		};
		3DF9835D237B520B001C3E0F /* AlamofireImage.framework */ = {
			isa = PBXReferenceProxy;
			fileType = wrapper.framework;
			path = AlamofireImage.framework;
			remoteRef = 3DF9835C237B520B001C3E0F /* PBXContainerItemProxy */;
			sourceTree = BUILT_PRODUCTS_DIR;
		};
		3DF9835F237B520B001C3E0F /* AlamofireImage iOS Tests.xctest */ = {
			isa = PBXReferenceProxy;
			fileType = wrapper.cfbundle;
			path = "AlamofireImage iOS Tests.xctest";
			remoteRef = 3DF9835E237B520B001C3E0F /* PBXContainerItemProxy */;
			sourceTree = BUILT_PRODUCTS_DIR;
		};
		3DF98361237B520B001C3E0F /* AlamofireImage.framework */ = {
			isa = PBXReferenceProxy;
			fileType = wrapper.framework;
			path = AlamofireImage.framework;
			remoteRef = 3DF98360237B520B001C3E0F /* PBXContainerItemProxy */;
			sourceTree = BUILT_PRODUCTS_DIR;
		};
		3DF98363237B520B001C3E0F /* AlamofireImage macOS Tests.xctest */ = {
			isa = PBXReferenceProxy;
			fileType = wrapper.cfbundle;
			path = "AlamofireImage macOS Tests.xctest";
			remoteRef = 3DF98362237B520B001C3E0F /* PBXContainerItemProxy */;
			sourceTree = BUILT_PRODUCTS_DIR;
		};
		3DF98365237B520B001C3E0F /* AlamofireImage.framework */ = {
			isa = PBXReferenceProxy;
			fileType = wrapper.framework;
			path = AlamofireImage.framework;
			remoteRef = 3DF98364237B520B001C3E0F /* PBXContainerItemProxy */;
			sourceTree = BUILT_PRODUCTS_DIR;
		};
		3DF98367237B520B001C3E0F /* AlamofireImage tvOS Tests.xctest */ = {
			isa = PBXReferenceProxy;
			fileType = wrapper.cfbundle;
			path = "AlamofireImage tvOS Tests.xctest";
			remoteRef = 3DF98366237B520B001C3E0F /* PBXContainerItemProxy */;
			sourceTree = BUILT_PRODUCTS_DIR;
		};
		3DF98369237B520B001C3E0F /* AlamofireImage.framework */ = {
			isa = PBXReferenceProxy;
			fileType = wrapper.framework;
			path = AlamofireImage.framework;
			remoteRef = 3DF98368237B520B001C3E0F /* PBXContainerItemProxy */;
			sourceTree = BUILT_PRODUCTS_DIR;
		};
		3DF9836B237B520B001C3E0F /* iOS Example.app */ = {
			isa = PBXReferenceProxy;
			fileType = wrapper.application;
			path = "iOS Example.app";
			remoteRef = 3DF9836A237B520B001C3E0F /* PBXContainerItemProxy */;
			sourceTree = BUILT_PRODUCTS_DIR;
		};
/* End PBXReferenceProxy section */

/* Begin PBXResourcesBuildPhase section */
		3D9A7EAF237A0D7000EF2F58 /* Resources */ = {
			isa = PBXResourcesBuildPhase;
			buildActionMask = 2147483647;
			files = (
				3D9A7EBF237A0D7100EF2F58 /* LaunchScreen.storyboard in Resources */,
				3D9A7EBC237A0D7100EF2F58 /* Assets.xcassets in Resources */,
				3D9A7EBA237A0D7000EF2F58 /* Main.storyboard in Resources */,
			);
			runOnlyForDeploymentPostprocessing = 0;
		};
		3D9A7EC3237A0D7100EF2F58 /* Resources */ = {
			isa = PBXResourcesBuildPhase;
			buildActionMask = 2147483647;
			files = (
			);
			runOnlyForDeploymentPostprocessing = 0;
		};
		3D9A7ECE237A0D7100EF2F58 /* Resources */ = {
			isa = PBXResourcesBuildPhase;
			buildActionMask = 2147483647;
			files = (
			);
			runOnlyForDeploymentPostprocessing = 0;
		};
/* End PBXResourcesBuildPhase section */

/* Begin PBXSourcesBuildPhase section */
		3D9A7EAD237A0D7000EF2F58 /* Sources */ = {
			isa = PBXSourcesBuildPhase;
			buildActionMask = 2147483647;
			files = (
				3DF9837E237B5659001C3E0F /* CeldaVeterinariaController.swift in Sources */,
				3D9A7EB7237A0D7000EF2F58 /* ViewController.swift in Sources */,
				3DF9837C237B560F001C3E0F /* Veterinaria.swift in Sources */,
				3DF98380237B58BE001C3E0F /* VeterinariaController.swift in Sources */,
				3D9A7EB5237A0D7000EF2F58 /* AppDelegate.swift in Sources */,
			);
			runOnlyForDeploymentPostprocessing = 0;
		};
		3D9A7EC1237A0D7100EF2F58 /* Sources */ = {
			isa = PBXSourcesBuildPhase;
			buildActionMask = 2147483647;
			files = (
				3D9A7ECA237A0D7100EF2F58 /* PetlandiaTests.swift in Sources */,
			);
			runOnlyForDeploymentPostprocessing = 0;
		};
		3D9A7ECC237A0D7100EF2F58 /* Sources */ = {
			isa = PBXSourcesBuildPhase;
			buildActionMask = 2147483647;
			files = (
				3D9A7ED5237A0D7100EF2F58 /* PetlandiaUITests.swift in Sources */,
			);
			runOnlyForDeploymentPostprocessing = 0;
		};
/* End PBXSourcesBuildPhase section */

/* Begin PBXTargetDependency section */
		3D9A7EC7237A0D7100EF2F58 /* PBXTargetDependency */ = {
			isa = PBXTargetDependency;
			target = 3D9A7EB0237A0D7000EF2F58 /* Petlandia */;
			targetProxy = 3D9A7EC6237A0D7100EF2F58 /* PBXContainerItemProxy */;
		};
		3D9A7ED2237A0D7100EF2F58 /* PBXTargetDependency */ = {
			isa = PBXTargetDependency;
			target = 3D9A7EB0237A0D7000EF2F58 /* Petlandia */;
			targetProxy = 3D9A7ED1237A0D7100EF2F58 /* PBXContainerItemProxy */;
		};
		3DF9836F237B5239001C3E0F /* PBXTargetDependency */ = {
			isa = PBXTargetDependency;
			name = "AlamofireImage iOS";
			targetProxy = 3DF9836E237B5239001C3E0F /* PBXContainerItemProxy */;
		};
		3DF98373237B523D001C3E0F /* PBXTargetDependency */ = {
			isa = PBXTargetDependency;
			name = "Alamofire iOS";
			targetProxy = 3DF98372237B523D001C3E0F /* PBXContainerItemProxy */;
		};
/* End PBXTargetDependency section */

/* Begin PBXVariantGroup section */
		3D9A7EB8237A0D7000EF2F58 /* Main.storyboard */ = {
			isa = PBXVariantGroup;
			children = (
				3D9A7EB9237A0D7000EF2F58 /* Base */,
			);
			name = Main.storyboard;
			sourceTree = "<group>";
		};
		3D9A7EBD237A0D7100EF2F58 /* LaunchScreen.storyboard */ = {
			isa = PBXVariantGroup;
			children = (
				3D9A7EBE237A0D7100EF2F58 /* Base */,
			);
			name = LaunchScreen.storyboard;
			sourceTree = "<group>";
		};
/* End PBXVariantGroup section */

/* Begin XCBuildConfiguration section */
		3D9A7ED7237A0D7100EF2F58 /* Debug */ = {
			isa = XCBuildConfiguration;
			buildSettings = {
				ALWAYS_SEARCH_USER_PATHS = NO;
				CLANG_ANALYZER_NONNULL = YES;
				CLANG_ANALYZER_NUMBER_OBJECT_CONVERSION = YES_AGGRESSIVE;
				CLANG_CXX_LANGUAGE_STANDARD = "gnu++14";
				CLANG_CXX_LIBRARY = "libc++";
				CLANG_ENABLE_MODULES = YES;
				CLANG_ENABLE_OBJC_ARC = YES;
				CLANG_ENABLE_OBJC_WEAK = YES;
				CLANG_WARN_BLOCK_CAPTURE_AUTORELEASING = YES;
				CLANG_WARN_BOOL_CONVERSION = YES;
				CLANG_WARN_COMMA = YES;
				CLANG_WARN_CONSTANT_CONVERSION = YES;
				CLANG_WARN_DEPRECATED_OBJC_IMPLEMENTATIONS = YES;
				CLANG_WARN_DIRECT_OBJC_ISA_USAGE = YES_ERROR;
				CLANG_WARN_DOCUMENTATION_COMMENTS = YES;
				CLANG_WARN_EMPTY_BODY = YES;
				CLANG_WARN_ENUM_CONVERSION = YES;
				CLANG_WARN_INFINITE_RECURSION = YES;
				CLANG_WARN_INT_CONVERSION = YES;
				CLANG_WARN_NON_LITERAL_NULL_CONVERSION = YES;
				CLANG_WARN_OBJC_IMPLICIT_RETAIN_SELF = YES;
				CLANG_WARN_OBJC_LITERAL_CONVERSION = YES;
				CLANG_WARN_OBJC_ROOT_CLASS = YES_ERROR;
				CLANG_WARN_RANGE_LOOP_ANALYSIS = YES;
				CLANG_WARN_STRICT_PROTOTYPES = YES;
				CLANG_WARN_SUSPICIOUS_MOVE = YES;
				CLANG_WARN_UNGUARDED_AVAILABILITY = YES_AGGRESSIVE;
				CLANG_WARN_UNREACHABLE_CODE = YES;
				CLANG_WARN__DUPLICATE_METHOD_MATCH = YES;
				CODE_SIGN_IDENTITY = "iPhone Developer";
				COPY_PHASE_STRIP = NO;
				DEBUG_INFORMATION_FORMAT = dwarf;
				ENABLE_STRICT_OBJC_MSGSEND = YES;
				ENABLE_TESTABILITY = YES;
				GCC_C_LANGUAGE_STANDARD = gnu11;
				GCC_DYNAMIC_NO_PIC = NO;
				GCC_NO_COMMON_BLOCKS = YES;
				GCC_OPTIMIZATION_LEVEL = 0;
				GCC_PREPROCESSOR_DEFINITIONS = (
					"DEBUG=1",
					"$(inherited)",
				);
				GCC_WARN_64_TO_32_BIT_CONVERSION = YES;
				GCC_WARN_ABOUT_RETURN_TYPE = YES_ERROR;
				GCC_WARN_UNDECLARED_SELECTOR = YES;
				GCC_WARN_UNINITIALIZED_AUTOS = YES_AGGRESSIVE;
				GCC_WARN_UNUSED_FUNCTION = YES;
				GCC_WARN_UNUSED_VARIABLE = YES;
				IPHONEOS_DEPLOYMENT_TARGET = 12.4;
				MTL_ENABLE_DEBUG_INFO = INCLUDE_SOURCE;
				MTL_FAST_MATH = YES;
				ONLY_ACTIVE_ARCH = YES;
				SDKROOT = iphoneos;
				SWIFT_ACTIVE_COMPILATION_CONDITIONS = DEBUG;
				SWIFT_OPTIMIZATION_LEVEL = "-Onone";
			};
			name = Debug;
		};
		3D9A7ED8237A0D7100EF2F58 /* Release */ = {
			isa = XCBuildConfiguration;
			buildSettings = {
				ALWAYS_SEARCH_USER_PATHS = NO;
				CLANG_ANALYZER_NONNULL = YES;
				CLANG_ANALYZER_NUMBER_OBJECT_CONVERSION = YES_AGGRESSIVE;
				CLANG_CXX_LANGUAGE_STANDARD = "gnu++14";
				CLANG_CXX_LIBRARY = "libc++";
				CLANG_ENABLE_MODULES = YES;
				CLANG_ENABLE_OBJC_ARC = YES;
				CLANG_ENABLE_OBJC_WEAK = YES;
				CLANG_WARN_BLOCK_CAPTURE_AUTORELEASING = YES;
				CLANG_WARN_BOOL_CONVERSION = YES;
				CLANG_WARN_COMMA = YES;
				CLANG_WARN_CONSTANT_CONVERSION = YES;
				CLANG_WARN_DEPRECATED_OBJC_IMPLEMENTATIONS = YES;
				CLANG_WARN_DIRECT_OBJC_ISA_USAGE = YES_ERROR;
				CLANG_WARN_DOCUMENTATION_COMMENTS = YES;
				CLANG_WARN_EMPTY_BODY = YES;
				CLANG_WARN_ENUM_CONVERSION = YES;
				CLANG_WARN_INFINITE_RECURSION = YES;
				CLANG_WARN_INT_CONVERSION = YES;
				CLANG_WARN_NON_LITERAL_NULL_CONVERSION = YES;
				CLANG_WARN_OBJC_IMPLICIT_RETAIN_SELF = YES;
				CLANG_WARN_OBJC_LITERAL_CONVERSION = YES;
				CLANG_WARN_OBJC_ROOT_CLASS = YES_ERROR;
				CLANG_WARN_RANGE_LOOP_ANALYSIS = YES;
				CLANG_WARN_STRICT_PROTOTYPES = YES;
				CLANG_WARN_SUSPICIOUS_MOVE = YES;
				CLANG_WARN_UNGUARDED_AVAILABILITY = YES_AGGRESSIVE;
				CLANG_WARN_UNREACHABLE_CODE = YES;
				CLANG_WARN__DUPLICATE_METHOD_MATCH = YES;
				CODE_SIGN_IDENTITY = "iPhone Developer";
				COPY_PHASE_STRIP = NO;
				DEBUG_INFORMATION_FORMAT = "dwarf-with-dsym";
				ENABLE_NS_ASSERTIONS = NO;
				ENABLE_STRICT_OBJC_MSGSEND = YES;
				GCC_C_LANGUAGE_STANDARD = gnu11;
				GCC_NO_COMMON_BLOCKS = YES;
				GCC_WARN_64_TO_32_BIT_CONVERSION = YES;
				GCC_WARN_ABOUT_RETURN_TYPE = YES_ERROR;
				GCC_WARN_UNDECLARED_SELECTOR = YES;
				GCC_WARN_UNINITIALIZED_AUTOS = YES_AGGRESSIVE;
				GCC_WARN_UNUSED_FUNCTION = YES;
				GCC_WARN_UNUSED_VARIABLE = YES;
				IPHONEOS_DEPLOYMENT_TARGET = 12.4;
				MTL_ENABLE_DEBUG_INFO = NO;
				MTL_FAST_MATH = YES;
				SDKROOT = iphoneos;
				SWIFT_COMPILATION_MODE = wholemodule;
				SWIFT_OPTIMIZATION_LEVEL = "-O";
				VALIDATE_PRODUCT = YES;
			};
			name = Release;
		};
		3D9A7EDA237A0D7100EF2F58 /* Debug */ = {
			isa = XCBuildConfiguration;
			buildSettings = {
				ALWAYS_EMBED_SWIFT_STANDARD_LIBRARIES = YES;
				ASSETCATALOG_COMPILER_APPICON_NAME = AppIcon;
				CODE_SIGN_STYLE = Automatic;
				INFOPLIST_FILE = Petlandia/Info.plist;
				LD_RUNPATH_SEARCH_PATHS = (
					"$(inherited)",
					"@executable_path/Frameworks",
				);
				PRODUCT_BUNDLE_IDENTIFIER = edu.ulsa.Petlandia;
				PRODUCT_NAME = "$(TARGET_NAME)";
				SWIFT_VERSION = 5.0;
				TARGETED_DEVICE_FAMILY = "1,2";
			};
			name = Debug;
		};
		3D9A7EDB237A0D7100EF2F58 /* Release */ = {
			isa = XCBuildConfiguration;
			buildSettings = {
				ALWAYS_EMBED_SWIFT_STANDARD_LIBRARIES = YES;
				ASSETCATALOG_COMPILER_APPICON_NAME = AppIcon;
				CODE_SIGN_STYLE = Automatic;
				INFOPLIST_FILE = Petlandia/Info.plist;
				LD_RUNPATH_SEARCH_PATHS = (
					"$(inherited)",
					"@executable_path/Frameworks",
				);
				PRODUCT_BUNDLE_IDENTIFIER = edu.ulsa.Petlandia;
				PRODUCT_NAME = "$(TARGET_NAME)";
				SWIFT_VERSION = 5.0;
				TARGETED_DEVICE_FAMILY = "1,2";
			};
			name = Release;
		};
		3D9A7EDD237A0D7100EF2F58 /* Debug */ = {
			isa = XCBuildConfiguration;
			buildSettings = {
				ALWAYS_EMBED_SWIFT_STANDARD_LIBRARIES = YES;
				BUNDLE_LOADER = "$(TEST_HOST)";
				CODE_SIGN_STYLE = Automatic;
				INFOPLIST_FILE = PetlandiaTests/Info.plist;
				LD_RUNPATH_SEARCH_PATHS = (
					"$(inherited)",
					"@executable_path/Frameworks",
					"@loader_path/Frameworks",
				);
				PRODUCT_BUNDLE_IDENTIFIER = edu.ulsa.PetlandiaTests;
				PRODUCT_NAME = "$(TARGET_NAME)";
				SWIFT_VERSION = 5.0;
				TARGETED_DEVICE_FAMILY = "1,2";
				TEST_HOST = "$(BUILT_PRODUCTS_DIR)/Petlandia.app/Petlandia";
			};
			name = Debug;
		};
		3D9A7EDE237A0D7100EF2F58 /* Release */ = {
			isa = XCBuildConfiguration;
			buildSettings = {
				ALWAYS_EMBED_SWIFT_STANDARD_LIBRARIES = YES;
				BUNDLE_LOADER = "$(TEST_HOST)";
				CODE_SIGN_STYLE = Automatic;
				INFOPLIST_FILE = PetlandiaTests/Info.plist;
				LD_RUNPATH_SEARCH_PATHS = (
					"$(inherited)",
					"@executable_path/Frameworks",
					"@loader_path/Frameworks",
				);
				PRODUCT_BUNDLE_IDENTIFIER = edu.ulsa.PetlandiaTests;
				PRODUCT_NAME = "$(TARGET_NAME)";
				SWIFT_VERSION = 5.0;
				TARGETED_DEVICE_FAMILY = "1,2";
				TEST_HOST = "$(BUILT_PRODUCTS_DIR)/Petlandia.app/Petlandia";
			};
			name = Release;
		};
		3D9A7EE0237A0D7100EF2F58 /* Debug */ = {
			isa = XCBuildConfiguration;
			buildSettings = {
				ALWAYS_EMBED_SWIFT_STANDARD_LIBRARIES = YES;
				CODE_SIGN_STYLE = Automatic;
				INFOPLIST_FILE = PetlandiaUITests/Info.plist;
				LD_RUNPATH_SEARCH_PATHS = (
					"$(inherited)",
					"@executable_path/Frameworks",
					"@loader_path/Frameworks",
				);
				PRODUCT_BUNDLE_IDENTIFIER = edu.ulsa.PetlandiaUITests;
				PRODUCT_NAME = "$(TARGET_NAME)";
				SWIFT_VERSION = 5.0;
				TARGETED_DEVICE_FAMILY = "1,2";
				TEST_TARGET_NAME = Petlandia;
			};
			name = Debug;
		};
		3D9A7EE1237A0D7100EF2F58 /* Release */ = {
			isa = XCBuildConfiguration;
			buildSettings = {
				ALWAYS_EMBED_SWIFT_STANDARD_LIBRARIES = YES;
				CODE_SIGN_STYLE = Automatic;
				INFOPLIST_FILE = PetlandiaUITests/Info.plist;
				LD_RUNPATH_SEARCH_PATHS = (
					"$(inherited)",
					"@executable_path/Frameworks",
					"@loader_path/Frameworks",
				);
				PRODUCT_BUNDLE_IDENTIFIER = edu.ulsa.PetlandiaUITests;
				PRODUCT_NAME = "$(TARGET_NAME)";
				SWIFT_VERSION = 5.0;
				TARGETED_DEVICE_FAMILY = "1,2";
				TEST_TARGET_NAME = Petlandia;
			};
			name = Release;
		};
/* End XCBuildConfiguration section */

/* Begin XCConfigurationList section */
		3D9A7EAC237A0D7000EF2F58 /* Build configuration list for PBXProject "Petlandia" */ = {
			isa = XCConfigurationList;
			buildConfigurations = (
				3D9A7ED7237A0D7100EF2F58 /* Debug */,
				3D9A7ED8237A0D7100EF2F58 /* Release */,
			);
			defaultConfigurationIsVisible = 0;
			defaultConfigurationName = Release;
		};
		3D9A7ED9237A0D7100EF2F58 /* Build configuration list for PBXNativeTarget "Petlandia" */ = {
			isa = XCConfigurationList;
			buildConfigurations = (
				3D9A7EDA237A0D7100EF2F58 /* Debug */,
				3D9A7EDB237A0D7100EF2F58 /* Release */,
			);
			defaultConfigurationIsVisible = 0;
			defaultConfigurationName = Release;
		};
		3D9A7EDC237A0D7100EF2F58 /* Build configuration list for PBXNativeTarget "PetlandiaTests" */ = {
			isa = XCConfigurationList;
			buildConfigurations = (
				3D9A7EDD237A0D7100EF2F58 /* Debug */,
				3D9A7EDE237A0D7100EF2F58 /* Release */,
			);
			defaultConfigurationIsVisible = 0;
			defaultConfigurationName = Release;
		};
		3D9A7EDF237A0D7100EF2F58 /* Build configuration list for PBXNativeTarget "PetlandiaUITests" */ = {
			isa = XCConfigurationList;
			buildConfigurations = (
				3D9A7EE0237A0D7100EF2F58 /* Debug */,
				3D9A7EE1237A0D7100EF2F58 /* Release */,
			);
			defaultConfigurationIsVisible = 0;
			defaultConfigurationName = Release;
		};
/* End XCConfigurationList section */
	};
	rootObject = 3D9A7EA9237A0D7000EF2F58 /* Project object */;
}
